
Microsoft Visual Studio Solution File, Format Version 12.00
# Visual Studio Version 17
VisualStudioVersion = 17.1.32421.90
MinimumVisualStudioVersion = 10.0.40219.1
Project("{FAE04EC0-301F-11D3-BF4B-00C04F79EFBC}") = "DWA_UI", "DWA_UI\DWA_UI.csproj", "{D99D1418-EA3B-4C63-9ABC-CDB5B464DC80}"
EndProject
Global
	GlobalSection(SolutionConfigurationPlatforms) = preSolution
		Debug|Any CPU = Debug|Any CPU
		Release|Any CPU = Release|Any CPU
	EndGlobalSection
	GlobalSection(ProjectConfigurationPlatforms) = postSolution
		{D99D1418-EA3B-4C63-9ABC-CDB5B464DC80}.Debug|Any CPU.ActiveCfg = Debug|Any CPU
		{D99D1418-EA3B-4C63-9ABC-CDB5B464DC80}.Debug|Any CPU.Build.0 = Debug|Any CPU
		{D99D1418-EA3B-4C63-9ABC-CDB5B464DC80}.Release|Any CPU.ActiveCfg = Release|Any CPU
		{D99D1418-EA3B-4C63-9ABC-CDB5B464DC80}.Release|Any CPU.Build.0 = Release|Any CPU
	EndGlobalSection
	GlobalSection(SolutionProperties) = preSolution
		HideSolutionNode = FALSE
	EndGlobalSection
	GlobalSection(ExtensibilityGlobals) = postSolution
		SolutionGuid = {BCEEFD5C-A18A-4E06-B571-2A5660CF95F5}
	EndGlobalSection
EndGlobal
