
Microsoft Visual Studio Solution File, Format Version 12.00
# Visual Studio Version 16
VisualStudioVersion = 16.0.32510.428
MinimumVisualStudioVersion = 10.0.40219.1
Project("{FAE04EC0-301F-11D3-BF4B-00C04F79EFBC}") = "WpfApp2019", "WpfApp2019.csproj", "{BC8EA3A6-5E42-4E39-A042-66A1CA73654A}"
EndProject
Global
	GlobalSection(SolutionConfigurationPlatforms) = preSolution
		Debug|Any CPU = Debug|Any CPU
		Release|Any CPU = Release|Any CPU
	EndGlobalSection
	GlobalSection(ProjectConfigurationPlatforms) = postSolution
		{BC8EA3A6-5E42-4E39-A042-66A1CA73654A}.Debug|Any CPU.ActiveCfg = Debug|Any CPU
		{BC8EA3A6-5E42-4E39-A042-66A1CA73654A}.Debug|Any CPU.Build.0 = Debug|Any CPU
		{BC8EA3A6-5E42-4E39-A042-66A1CA73654A}.Release|Any CPU.ActiveCfg = Release|Any CPU
		{BC8EA3A6-5E42-4E39-A042-66A1CA73654A}.Release|Any CPU.Build.0 = Release|Any CPU
	EndGlobalSection
	GlobalSection(SolutionProperties) = preSolution
		HideSolutionNode = FALSE
	EndGlobalSection
	GlobalSection(ExtensibilityGlobals) = postSolution
		SolutionGuid = {5AC6CDE2-420F-457D-B3A1-016A1C6071CC}
	EndGlobalSection
EndGlobal
